
Microsoft Visual Studio Solution File, Format Version 12.00
# Visual Studio Version 16
VisualStudioVersion = 16.0.31205.134
MinimumVisualStudioVersion = 10.0.40219.1
Project("{8BC9CEB8-8B4A-11D0-8D11-00A0C91BC942}") = "基于二叉树实现堆的使用", "基于二叉树实现堆的使用.vcxproj", "{BBE58F4C-6B43-44F6-A0D2-0269E381264D}"
EndProject
Global
	GlobalSection(SolutionConfigurationPlatforms) = preSolution
		Debug|x64 = Debug|x64
		Debug|x86 = Debug|x86
		Release|x64 = Release|x64
		Release|x86 = Release|x86
	EndGlobalSection
	GlobalSection(ProjectConfigurationPlatforms) = postSolution
		{BBE58F4C-6B43-44F6-A0D2-0269E381264D}.Debug|x64.ActiveCfg = Debug|x64
		{BBE58F4C-6B43-44F6-A0D2-0269E381264D}.Debug|x64.Build.0 = Debug|x64
		{BBE58F4C-6B43-44F6-A0D2-0269E381264D}.Debug|x86.ActiveCfg = Debug|Win32
		{BBE58F4C-6B43-44F6-A0D2-0269E381264D}.Debug|x86.Build.0 = Debug|Win32
		{BBE58F4C-6B43-44F6-A0D2-0269E381264D}.Release|x64.ActiveCfg = Release|x64
		{BBE58F4C-6B43-44F6-A0D2-0269E381264D}.Release|x64.Build.0 = Release|x64
		{BBE58F4C-6B43-44F6-A0D2-0269E381264D}.Release|x86.ActiveCfg = Release|Win32
		{BBE58F4C-6B43-44F6-A0D2-0269E381264D}.Release|x86.Build.0 = Release|Win32
	EndGlobalSection
	GlobalSection(SolutionProperties) = preSolution
		HideSolutionNode = FALSE
	EndGlobalSection
	GlobalSection(ExtensibilityGlobals) = postSolution
		SolutionGuid = {D633AC4E-2E16-47F7-A83A-2E5EFF685851}
	EndGlobalSection
EndGlobal
